{
  "name": "old-data",
  "lockfileVersion": 3,
  "requires": true,
  "packages": {
    "": {
      "dependencies": {
        "@flowfuse/node-red-dashboard-2-migration": "^0.0.4"
      }
    },
    "node_modules/@flowfuse/node-red-dashboard-2-migration": {
      "version": "0.0.4",
      "resolved": "https://registry.npmmirror.com/@flowfuse/node-red-dashboard-2-migration/-/node-red-dashboard-2-migration-0.0.4.tgz",
      "integrity": "sha512-Ag2kiySXfpc8ezf8hN5B0VHfUzYKdvh3y51fe3aoVzZ1K0taVLVFaSZJTNe48ymDTBcIf3l+UTzdpsI6wqn8Cw==",
      "license": "Apache-2.0"
    }
  }
}
